Microsoft Visual Studio Solution File, Format Version 11.00
# Visual Studio 2008

Project("{58E0AEA7-C52E-A101-796B-7DC4DD0B47D5}") = "Isa Project", "Assembly-CSharp.csproj", "{9CC9ACFC-9CFF-321A-1BB4-9C3AD7638F04}"
EndProject
Global
	GlobalSection(SolutionConfigurationPlatforms) = preSolution
		Debug|Any CPU = Debug|Any CPU
		Release|Any CPU = Release|Any CPU
	EndGlobalSection
	GlobalSection(ProjectConfigurationPlatforms) = postSolution
		{9CC9ACFC-9CFF-321A-1BB4-9C3AD7638F04}.Debug|Any CPU.ActiveCfg = Debug|Any CPU
		{9CC9ACFC-9CFF-321A-1BB4-9C3AD7638F04}.Debug|Any CPU.Build.0 = Debug|Any CPU
		{9CC9ACFC-9CFF-321A-1BB4-9C3AD7638F04}.Release|Any CPU.ActiveCfg = Release|Any CPU
		{9CC9ACFC-9CFF-321A-1BB4-9C3AD7638F04}.Release|Any CPU.Build.0 = Release|Any CPU
	EndGlobalSection
	GlobalSection(SolutionProperties) = preSolution
		HideSolutionNode = FALSE
	EndGlobalSection
	GlobalSection(MonoDevelopProperties) = preSolution
		StartupItem = Assembly-CSharp.csproj
	EndGlobalSection
EndGlobal
